
Microsoft Visual Studio Solution File, Format Version 12.00
# Visual Studio Version 17
VisualStudioVersion = 17.5.002.0
MinimumVisualStudioVersion = 10.0.40219.1
Project("{9A19103F-16F7-4668-BE54-9A1E7A4F7556}") = "Proyecto", "Proyecto\Proyecto.csproj", "{6F0C359E-FC29-4115-8AD3-F530D5324364}"
EndProject
Global
	GlobalSection(SolutionConfigurationPlatforms) = preSolution
		Debug|Any CPU = Debug|Any CPU
		Release|Any CPU = Release|Any CPU
	EndGlobalSection
	GlobalSection(ProjectConfigurationPlatforms) = postSolution
		{6F0C359E-FC29-4115-8AD3-F530D5324364}.Debug|Any CPU.ActiveCfg = Debug|Any CPU
		{6F0C359E-FC29-4115-8AD3-F530D5324364}.Debug|Any CPU.Build.0 = Debug|Any CPU
		{6F0C359E-FC29-4115-8AD3-F530D5324364}.Release|Any CPU.ActiveCfg = Release|Any CPU
		{6F0C359E-FC29-4115-8AD3-F530D5324364}.Release|Any CPU.Build.0 = Release|Any CPU
	EndGlobalSection
	GlobalSection(SolutionProperties) = preSolution
		HideSolutionNode = FALSE
	EndGlobalSection
	GlobalSection(ExtensibilityGlobals) = postSolution
		SolutionGuid = {E865982E-0538-4D8D-A5F3-966B4809D513}
	EndGlobalSection
EndGlobal
